// !$*UTF8*$!
{
	archiveVersion = 1;
	classes = {
	};
	objectVersion = 46;
	objects = {

/* Begin PBXBuildFile section */
		DE6250551D7477B60004FB87 /* AppDelegate.swift in Sources */ = {isa = PBXBuildFile; fileRef = DE6250541D7477B60004FB87 /* AppDelegate.swift */; };
		DE6250571D7477B60004FB87 /* ViewController.swift in Sources */ = {isa = PBXBuildFile; fileRef = DE6250561D7477B60004FB87 /* ViewController.swift */; };
		DE62505A1D7477B70004FB87 /* Main.storyboard in Resources */ = {isa = PBXBuildFile; fileRef = DE6250581D7477B70004FB87 /* Main.storyboard */; };
		DE62505C1D7477B70004FB87 /* Assets.xcassets in Resources */ = {isa = PBXBuildFile; fileRef = DE62505B1D7477B70004FB87 /* Assets.xcassets */; };
		DE62505F1D7477B70004FB87 /* LaunchScreen.storyboard in Resources */ = {isa = PBXBuildFile; fileRef = DE62505D1D7477B70004FB87 /* LaunchScreen.storyboard */; };
/* End PBXBuildFile section */

/* Begin PBXFileReference section */
		DE6250511D7477B50004FB87 /* GoChat.app */ = {isa = PBXFileReference; explicitFileType = wrapper.application; includeInIndex = 0; path = GoChat.app; sourceTree = BUILT_PRODUCTS_DIR; };
		DE6250541D7477B60004FB87 /* AppDelegate.swift */ = {isa = PBXFileReference; lastKnownFileType = sourcecode.swift; path = AppDelegate.swift; sourceTree = "<group>"; };
		DE6250561D7477B60004FB87 /* ViewController.swift */ = {isa = PBXFileReference; lastKnownFileType = sourcecode.swift; path = ViewController.swift; sourceTree = "<group>"; };
		DE6250591D7477B70004FB87 /* Base */ = {isa = PBXFileReference; lastKnownFileType = file.storyboard; name = Base; path = Base.lproj/Main.storyboard; sourceTree = "<group>"; };
		DE62505B1D7477B70004FB87 /* Assets.xcassets */ = {isa = PBXFileReference; lastKnownFileType = folder.assetcatalog; path = Assets.xcassets; sourceTree = "<group>"; };
		DE62505E1D7477B70004FB87 /* Base */ = {isa = PBXFileReference; lastKnownFileType = file.storyboard; name = Base; path = Base.lproj/LaunchScreen.storyboard; sourceTree = "<group>"; };
		DE6250601D7477B70004FB87 /* Info.plist */ = {isa = PBXFileReference; lastKnownFileType = text.plist.xml; path = Info.plist; sourceTree = "<group>"; };
/* End PBXFileReference section */

/* Begin PBXFrameworksBuildPhase section */
		DE62504E1D7477B50004FB87 /* Frameworks */ = {
			isa = PBXFrameworksBuildPhase;
			buildActionMask = 2147483647;
			files = (
			);
			runOnlyForDeploymentPostprocessing = 0;
		};
/* End PBXFrameworksBuildPhase section */

/* Begin PBXGroup section */
		DE6250481D7477B50004FB87 = {
			isa = PBXGroup;
			children = (
				DE6250531D7477B60004FB87 /* GoChat */,
				DE6250521D7477B50004FB87 /* Products */,
			);
			sourceTree = "<group>";
		};
		DE6250521D7477B50004FB87 /* Products */ = {
			isa = PBXGroup;
			children = (
				DE6250511D7477B50004FB87 /* GoChat.app */,
			);
			name = Products;
			sourceTree = "<group>";
		};
		DE6250531D7477B60004FB87 /* GoChat */ = {
			isa = PBXGroup;
			children = (
				DE6250541D7477B60004FB87 /* AppDelegate.swift */,
				DE6250561D7477B60004FB87 /* ViewController.swift */,
				DE6250581D7477B70004FB87 /* Main.storyboard */,
				DE62505B1D7477B70004FB87 /* Assets.xcassets */,
				DE62505D1D7477B70004FB87 /* LaunchScreen.storyboard */,
				DE6250601D7477B70004FB87 /* Info.plist */,
			);
			path = GoChat;
			sourceTree = "<group>";
		};
/* End PBXGroup section */

/* Begin PBXNativeTarget section */
		DE6250501D7477B50004FB87 /* GoChat */ = {
			isa = PBXNativeTarget;
			buildConfigurationList = DE6250631D7477B70004FB87 /* Build configuration list for PBXNativeTarget "GoChat" */;
			buildPhases = (
				DE62504D1D7477B50004FB87 /* Sources */,
				DE62504E1D7477B50004FB87 /* Frameworks */,
				DE62504F1D7477B50004FB87 /* Resources */,
			);
			buildRules = (
			);
			dependencies = (
			);
			name = GoChat;
			productName = GoChat;
			productReference = DE6250511D7477B50004FB87 /* GoChat.app */;
			productType = "com.apple.product-type.application";
		};
/* End PBXNativeTarget section */

/* Begin PBXProject section */
		DE6250491D7477B50004FB87 /* Project object */ = {
			isa = PBXProject;
			attributes = {
				LastSwiftUpdateCheck = 0730;
				LastUpgradeCheck = 0730;
				ORGANIZATIONNAME = newmediatechies;
				TargetAttributes = {
					DE6250501D7477B50004FB87 = {
						CreatedOnToolsVersion = 7.3.1;
					};
				};
			};
			buildConfigurationList = DE62504C1D7477B50004FB87 /* Build configuration list for PBXProject "GoChat" */;
			compatibilityVersion = "Xcode 3.2";
			developmentRegion = English;
			hasScannedForEncodings = 0;
			knownRegions = (
				en,
				Base,
			);
			mainGroup = DE6250481D7477B50004FB87;
			productRefGroup = DE6250521D7477B50004FB87 /* Products */;
			projectDirPath = "";
			projectRoot = "";
			targets = (
				DE6250501D7477B50004FB87 /* GoChat */,
			);
		};
/* End PBXProject section */

/* Begin PBXResourcesBuildPhase section */
		DE62504F1D7477B50004FB87 /* Resources */ = {
			isa = PBXResourcesBuildPhase;
			buildActionMask = 2147483647;
			files = (
				DE62505F1D7477B70004FB87 /* LaunchScreen.storyboard in Resources */,
				DE62505C1D7477B70004FB87 /* Assets.xcassets in Resources */,
				DE62505A1D7477B70004FB87 /* Main.storyboard in Resources */,
			);
			runOnlyForDeploymentPostprocessing = 0;
		};
/* End PBXResourcesBuildPhase section */

/* Begin PBXSourcesBuildPhase section */
		DE62504D1D7477B50004FB87 /* Sources */ = {
			isa = PBXSourcesBuildPhase;
			buildActionMask = 2147483647;
			files = (
				DE6250571D7477B60004FB87 /* ViewController.swift in Sources */,
				DE6250551D7477B60004FB87 /* AppDelegate.swift in Sources */,
			);
			runOnlyForDeploymentPostprocessing = 0;
		};
/* End PBXSourcesBuildPhase section */

/* Begin PBXVariantGroup section */
		DE6250581D7477B70004FB87 /* Main.storyboard */ = {
			isa = PBXVariantGroup;
			children = (
				DE6250591D7477B70004FB87 /* Base */,
			);
			name = Main.storyboard;
			sourceTree = "<group>";
		};
		DE62505D1D7477B70004FB87 /* LaunchScreen.storyboard */ = {
			isa = PBXVariantGroup;
			children = (
				DE62505E1D7477B70004FB87 /* Base */,
			);
			name = LaunchScreen.storyboard;
			sourceTree = "<group>";
		};
/* End PBXVariantGroup section */

/* Begin XCBuildConfiguration section */
		DE6250611D7477B70004FB87 /* Debug */ = {
			isa = XCBuildConfiguration;
			buildSettings = {
				ALWAYS_SEARCH_USER_PATHS = NO;
				CLANG_ANALYZER_NONNULL = YES;
				CLANG_CXX_LANGUAGE_STANDARD = "gnu++0x";
				CLANG_CXX_LIBRARY = "libc++";
				CLANG_ENABLE_MODULES = YES;
				CLANG_ENABLE_OBJC_ARC = YES;
				CLANG_WARN_BOOL_CONVERSION = YES;
				CLANG_WARN_CONSTANT_CONVERSION = YES;
				CLANG_WARN_DIRECT_OBJC_ISA_USAGE = YES_ERROR;
				CLANG_WARN_EMPTY_BODY = YES;
				CLANG_WARN_ENUM_CONVERSION = YES;
				CLANG_WARN_INT_CONVERSION = YES;
				CLANG_WARN_OBJC_ROOT_CLASS = YES_ERROR;
				CLANG_WARN_UNREACHABLE_CODE = YES;
				CLANG_WARN__DUPLICATE_METHOD_MATCH = YES;
				"CODE_SIGN_IDENTITY[sdk=iphoneos*]" = "iPhone Developer";
				COPY_PHASE_STRIP = NO;
				DEBUG_INFORMATION_FORMAT = dwarf;
				ENABLE_STRICT_OBJC_MSGSEND = YES;
				ENABLE_TESTABILITY = YES;
				GCC_C_LANGUAGE_STANDARD = gnu99;
				GCC_DYNAMIC_NO_PIC = NO;
				GCC_NO_COMMON_BLOCKS = YES;
				GCC_OPTIMIZATION_LEVEL = 0;
				GCC_PREPROCESSOR_DEFINITIONS = (
					"DEBUG=1",
					"$(inherited)",
				);
				GCC_WARN_64_TO_32_BIT_CONVERSION = YES;
				GCC_WARN_ABOUT_RETURN_TYPE = YES_ERROR;
				GCC_WARN_UNDECLARED_SELECTOR = YES;
				GCC_WARN_UNINITIALIZED_AUTOS = YES_AGGRESSIVE;
				GCC_WARN_UNUSED_FUNCTION = YES;
				GCC_WARN_UNUSED_VARIABLE = YES;
				IPHONEOS_DEPLOYMENT_TARGET = 9.3;
				MTL_ENABLE_DEBUG_INFO = YES;
				ONLY_ACTIVE_ARCH = YES;
				SDKROOT = iphoneos;
				SWIFT_OPTIMIZATION_LEVEL = "-Onone";
			};
			name = Debug;
		};
		DE6250621D7477B70004FB87 /* Release */ = {
			isa = XCBuildConfiguration;
			buildSettings = {
				ALWAYS_SEARCH_USER_PATHS = NO;
				CLANG_ANALYZER_NONNULL = YES;
				CLANG_CXX_LANGUAGE_STANDARD = "gnu++0x";
				CLANG_CXX_LIBRARY = "libc++";
				CLANG_ENABLE_MODULES = YES;
				CLANG_ENABLE_OBJC_ARC = YES;
				CLANG_WARN_BOOL_CONVERSION = YES;
				CLANG_WARN_CONSTANT_CONVERSION = YES;
				CLANG_WARN_DIRECT_OBJC_ISA_USAGE = YES_ERROR;
				CLANG_WARN_EMPTY_BODY = YES;
				CLANG_WARN_ENUM_CONVERSION = YES;
				CLANG_WARN_INT_CONVERSION = YES;
				CLANG_WARN_OBJC_ROOT_CLASS = YES_ERROR;
				CLANG_WARN_UNREACHABLE_CODE = YES;
				CLANG_WARN__DUPLICATE_METHOD_MATCH = YES;
				"CODE_SIGN_IDENTITY[sdk=iphoneos*]" = "iPhone Developer";
				COPY_PHASE_STRIP = NO;
				DEBUG_INFORMATION_FORMAT = "dwarf-with-dsym";
				ENABLE_NS_ASSERTIONS = NO;
				ENABLE_STRICT_OBJC_MSGSEND = YES;
				GCC_C_LANGUAGE_STANDARD = gnu99;
				GCC_NO_COMMON_BLOCKS = YES;
				GCC_WARN_64_TO_32_BIT_CONVERSION = YES;
				GCC_WARN_ABOUT_RETURN_TYPE = YES_ERROR;
				GCC_WARN_UNDECLARED_SELECTOR = YES;
				GCC_WARN_UNINITIALIZED_AUTOS = YES_AGGRESSIVE;
				GCC_WARN_UNUSED_FUNCTION = YES;
				GCC_WARN_UNUSED_VARIABLE = YES;
				IPHONEOS_DEPLOYMENT_TARGET = 9.3;
				MTL_ENABLE_DEBUG_INFO = NO;
				SDKROOT = iphoneos;
				VALIDATE_PRODUCT = YES;
			};
			name = Release;
		};
		DE6250641D7477B70004FB87 /* Debug */ = {
			isa = XCBuildConfiguration;
			buildSettings = {
				ASSETCATALOG_COMPILER_APPICON_NAME = AppIcon;
				INFOPLIST_FILE = GoChat/Info.plist;
				LD_RUNPATH_SEARCH_PATHS = "$(inherited) @executable_path/Frameworks";
				PRODUCT_BUNDLE_IDENTIFIER = NewMediaTechies.GoChat;
				PRODUCT_NAME = "$(TARGET_NAME)";
			};
			name = Debug;
		};
		DE6250651D7477B70004FB87 /* Release */ = {
			isa = XCBuildConfiguration;
			buildSettings = {
				ASSETCATALOG_COMPILER_APPICON_NAME = AppIcon;
				INFOPLIST_FILE = GoChat/Info.plist;
				LD_RUNPATH_SEARCH_PATHS = "$(inherited) @executable_path/Frameworks";
				PRODUCT_BUNDLE_IDENTIFIER = NewMediaTechies.GoChat;
				PRODUCT_NAME = "$(TARGET_NAME)";
			};
			name = Release;
		};
/* End XCBuildConfiguration section */

/* Begin XCConfigurationList section */
		DE62504C1D7477B50004FB87 /* Build configuration list for PBXProject "GoChat" */ = {
			isa = XCConfigurationList;
			buildConfigurations = (
				DE6250611D7477B70004FB87 /* Debug */,
				DE6250621D7477B70004FB87 /* Release */,
			);
			defaultConfigurationIsVisible = 0;
			defaultConfigurationName = Release;
		};
		DE6250631D7477B70004FB87 /* Build configuration list for PBXNativeTarget "GoChat" */ = {
			isa = XCConfigurationList;
			buildConfigurations = (
				DE6250641D7477B70004FB87 /* Debug */,
				DE6250651D7477B70004FB87 /* Release */,
			);
			defaultConfigurationIsVisible = 0;
		};
/* End XCConfigurationList section */
	};
	rootObject = DE6250491D7477B50004FB87 /* Project object */;
}
